
Microsoft Visual Studio Solution File, Format Version 12.00
# Visual Studio Version 17
VisualStudioVersion = 17.11.35222.181
MinimumVisualStudioVersion = 10.0.40219.1
Project("{8BC9CEB8-8B4A-11D0-8D11-00A0C91BC942}") = "lab6.1.2", "lab6.1.2\lab6.1.2.vcxproj", "{DE5DFA83-79C5-4FC0-8B6F-EDE3F0083AFA}"
EndProject
Project("{8BC9CEB8-8B4A-11D0-8D11-00A0C91BC942}") = "UnitTest1", "UnitTest1\UnitTest1.vcxproj", "{682B3BF4-045F-4704-8577-73D8A80C834D}"
EndProject
Global
	GlobalSection(SolutionConfigurationPlatforms) = preSolution
		Debug|x64 = Debug|x64
		Debug|x86 = Debug|x86
		Release|x64 = Release|x64
		Release|x86 = Release|x86
	EndGlobalSection
	GlobalSection(ProjectConfigurationPlatforms) = postSolution
		{DE5DFA83-79C5-4FC0-8B6F-EDE3F0083AFA}.Debug|x64.ActiveCfg = Debug|x64
		{DE5DFA83-79C5-4FC0-8B6F-EDE3F0083AFA}.Debug|x64.Build.0 = Debug|x64
		{DE5DFA83-79C5-4FC0-8B6F-EDE3F0083AFA}.Debug|x86.ActiveCfg = Debug|Win32
		{DE5DFA83-79C5-4FC0-8B6F-EDE3F0083AFA}.Debug|x86.Build.0 = Debug|Win32
		{DE5DFA83-79C5-4FC0-8B6F-EDE3F0083AFA}.Release|x64.ActiveCfg = Release|x64
		{DE5DFA83-79C5-4FC0-8B6F-EDE3F0083AFA}.Release|x64.Build.0 = Release|x64
		{DE5DFA83-79C5-4FC0-8B6F-EDE3F0083AFA}.Release|x86.ActiveCfg = Release|Win32
		{DE5DFA83-79C5-4FC0-8B6F-EDE3F0083AFA}.Release|x86.Build.0 = Release|Win32
		{682B3BF4-045F-4704-8577-73D8A80C834D}.Debug|x64.ActiveCfg = Debug|x64
		{682B3BF4-045F-4704-8577-73D8A80C834D}.Debug|x64.Build.0 = Debug|x64
		{682B3BF4-045F-4704-8577-73D8A80C834D}.Debug|x86.ActiveCfg = Debug|Win32
		{682B3BF4-045F-4704-8577-73D8A80C834D}.Debug|x86.Build.0 = Debug|Win32
		{682B3BF4-045F-4704-8577-73D8A80C834D}.Release|x64.ActiveCfg = Release|x64
		{682B3BF4-045F-4704-8577-73D8A80C834D}.Release|x64.Build.0 = Release|x64
		{682B3BF4-045F-4704-8577-73D8A80C834D}.Release|x86.ActiveCfg = Release|Win32
		{682B3BF4-045F-4704-8577-73D8A80C834D}.Release|x86.Build.0 = Release|Win32
	EndGlobalSection
	GlobalSection(SolutionProperties) = preSolution
		HideSolutionNode = FALSE
	EndGlobalSection
	GlobalSection(ExtensibilityGlobals) = postSolution
		SolutionGuid = {FB0713EE-4174-479A-84BA-40B5A3237D64}
	EndGlobalSection
EndGlobal
